// !$*UTF8*$!
{
	archiveVersion = 1;
	classes = {
	};
	objectVersion = 46;
	objects = {

/* Begin PBXBuildFile section */
		A919E9521EF1397D003C8C68 /* main.m in Sources */ = {isa = PBXBuildFile; fileRef = A919E9511EF1397D003C8C68 /* main.m */; };
		A919E9551EF1397D003C8C68 /* AppDelegate.m in Sources */ = {isa = PBXBuildFile; fileRef = A919E9541EF1397D003C8C68 /* AppDelegate.m */; };
		A919E9581EF1397D003C8C68 /* ViewController.m in Sources */ = {isa = PBXBuildFile; fileRef = A919E9571EF1397D003C8C68 /* ViewController.m */; };
		A919E95B1EF1397D003C8C68 /* Main.storyboard in Resources */ = {isa = PBXBuildFile; fileRef = A919E9591EF1397D003C8C68 /* Main.storyboard */; };
		A919E95D1EF1397D003C8C68 /* Assets.xcassets in Resources */ = {isa = PBXBuildFile; fileRef = A919E95C1EF1397D003C8C68 /* Assets.xcassets */; };
		A919E9601EF1397D003C8C68 /* LaunchScreen.storyboard in Resources */ = {isa = PBXBuildFile; fileRef = A919E95E1EF1397D003C8C68 /* LaunchScreen.storyboard */; };
		A919E9721EF13D59003C8C68 /* HZSliderViewController.m in Sources */ = {isa = PBXBuildFile; fileRef = A919E9711EF13D59003C8C68 /* HZSliderViewController.m */; };
		A919E9761EF13DF0003C8C68 /* LeftTableViewController.m in Sources */ = {isa = PBXBuildFile; fileRef = A919E9751EF13DF0003C8C68 /* LeftTableViewController.m */; };
		A919E9791EF13DF9003C8C68 /* RightTableViewController.m in Sources */ = {isa = PBXBuildFile; fileRef = A919E9781EF13DF9003C8C68 /* RightTableViewController.m */; };
		A919E97C1EF13E01003C8C68 /* CenterTableViewController.m in Sources */ = {isa = PBXBuildFile; fileRef = A919E97B1EF13E01003C8C68 /* CenterTableViewController.m */; };
		A919E9801EF14100003C8C68 /* FSSegmentTitleView.m in Sources */ = {isa = PBXBuildFile; fileRef = A919E97F1EF14100003C8C68 /* FSSegmentTitleView.m */; };
		A919E9831EF145F7003C8C68 /* ContentView.m in Sources */ = {isa = PBXBuildFile; fileRef = A919E9821EF145F7003C8C68 /* ContentView.m */; };
		A919E9861EF22090003C8C68 /* BaseTableViewController.m in Sources */ = {isa = PBXBuildFile; fileRef = A919E9851EF22090003C8C68 /* BaseTableViewController.m */; };
		A919E98A1EF262AD003C8C68 /* HZNavigationBar.m in Sources */ = {isa = PBXBuildFile; fileRef = A919E9891EF262AD003C8C68 /* HZNavigationBar.m */; };
		A919E98C1EF262F1003C8C68 /* navigation_back_gray@2x.png in Resources */ = {isa = PBXBuildFile; fileRef = A919E98B1EF262F1003C8C68 /* navigation_back_gray@2x.png */; };
		A919E98E1EF262FA003C8C68 /* navigation_back@2x.png in Resources */ = {isa = PBXBuildFile; fileRef = A919E98D1EF262FA003C8C68 /* navigation_back@2x.png */; };
/* End PBXBuildFile section */

/* Begin PBXFileReference section */
		A919E94D1EF1397D003C8C68 /* WeiboHomeDemo.app */ = {isa = PBXFileReference; explicitFileType = wrapper.application; includeInIndex = 0; path = WeiboHomeDemo.app; sourceTree = BUILT_PRODUCTS_DIR; };
		A919E9511EF1397D003C8C68 /* main.m */ = {isa = PBXFileReference; lastKnownFileType = sourcecode.c.objc; path = main.m; sourceTree = "<group>"; };
		A919E9531EF1397D003C8C68 /* AppDelegate.h */ = {isa = PBXFileReference; lastKnownFileType = sourcecode.c.h; path = AppDelegate.h; sourceTree = "<group>"; };
		A919E9541EF1397D003C8C68 /* AppDelegate.m */ = {isa = PBXFileReference; lastKnownFileType = sourcecode.c.objc; path = AppDelegate.m; sourceTree = "<group>"; };
		A919E9561EF1397D003C8C68 /* ViewController.h */ = {isa = PBXFileReference; lastKnownFileType = sourcecode.c.h; path = ViewController.h; sourceTree = "<group>"; };
		A919E9571EF1397D003C8C68 /* ViewController.m */ = {isa = PBXFileReference; lastKnownFileType = sourcecode.c.objc; path = ViewController.m; sourceTree = "<group>"; };
		A919E95A1EF1397D003C8C68 /* Base */ = {isa = PBXFileReference; lastKnownFileType = file.storyboard; name = Base; path = Base.lproj/Main.storyboard; sourceTree = "<group>"; };
		A919E95C1EF1397D003C8C68 /* Assets.xcassets */ = {isa = PBXFileReference; lastKnownFileType = folder.assetcatalog; path = Assets.xcassets; sourceTree = "<group>"; };
		A919E95F1EF1397D003C8C68 /* Base */ = {isa = PBXFileReference; lastKnownFileType = file.storyboard; name = Base; path = Base.lproj/LaunchScreen.storyboard; sourceTree = "<group>"; };
		A919E9611EF1397D003C8C68 /* Info.plist */ = {isa = PBXFileReference; lastKnownFileType = text.plist.xml; path = Info.plist; sourceTree = "<group>"; };
		A919E9701EF13D59003C8C68 /* HZSliderViewController.h */ = {isa = PBXFileReference; fileEncoding = 4; lastKnownFileType = sourcecode.c.h; path = HZSliderViewController.h; sourceTree = "<group>"; };
		A919E9711EF13D59003C8C68 /* HZSliderViewController.m */ = {isa = PBXFileReference; fileEncoding = 4; lastKnownFileType = sourcecode.c.objc; path = HZSliderViewController.m; sourceTree = "<group>"; };
		A919E9741EF13DF0003C8C68 /* LeftTableViewController.h */ = {isa = PBXFileReference; fileEncoding = 4; lastKnownFileType = sourcecode.c.h; path = LeftTableViewController.h; sourceTree = "<group>"; };
		A919E9751EF13DF0003C8C68 /* LeftTableViewController.m */ = {isa = PBXFileReference; fileEncoding = 4; lastKnownFileType = sourcecode.c.objc; path = LeftTableViewController.m; sourceTree = "<group>"; };
		A919E9771EF13DF9003C8C68 /* RightTableViewController.h */ = {isa = PBXFileReference; fileEncoding = 4; lastKnownFileType = sourcecode.c.h; path = RightTableViewController.h; sourceTree = "<group>"; };
		A919E9781EF13DF9003C8C68 /* RightTableViewController.m */ = {isa = PBXFileReference; fileEncoding = 4; lastKnownFileType = sourcecode.c.objc; path = RightTableViewController.m; sourceTree = "<group>"; };
		A919E97A1EF13E01003C8C68 /* CenterTableViewController.h */ = {isa = PBXFileReference; fileEncoding = 4; lastKnownFileType = sourcecode.c.h; path = CenterTableViewController.h; sourceTree = "<group>"; };
		A919E97B1EF13E01003C8C68 /* CenterTableViewController.m */ = {isa = PBXFileReference; fileEncoding = 4; lastKnownFileType = sourcecode.c.objc; path = CenterTableViewController.m; sourceTree = "<group>"; };
		A919E97D1EF13EF0003C8C68 /* Define.h */ = {isa = PBXFileReference; lastKnownFileType = sourcecode.c.h; path = Define.h; sourceTree = "<group>"; };
		A919E97E1EF14100003C8C68 /* FSSegmentTitleView.h */ = {isa = PBXFileReference; fileEncoding = 4; lastKnownFileType = sourcecode.c.h; path = FSSegmentTitleView.h; sourceTree = "<group>"; };
		A919E97F1EF14100003C8C68 /* FSSegmentTitleView.m */ = {isa = PBXFileReference; fileEncoding = 4; lastKnownFileType = sourcecode.c.objc; path = FSSegmentTitleView.m; sourceTree = "<group>"; };
		A919E9811EF145F7003C8C68 /* ContentView.h */ = {isa = PBXFileReference; fileEncoding = 4; lastKnownFileType = sourcecode.c.h; path = ContentView.h; sourceTree = "<group>"; };
		A919E9821EF145F7003C8C68 /* ContentView.m */ = {isa = PBXFileReference; fileEncoding = 4; lastKnownFileType = sourcecode.c.objc; path = ContentView.m; sourceTree = "<group>"; };
		A919E9841EF22090003C8C68 /* BaseTableViewController.h */ = {isa = PBXFileReference; fileEncoding = 4; lastKnownFileType = sourcecode.c.h; path = BaseTableViewController.h; sourceTree = "<group>"; };
		A919E9851EF22090003C8C68 /* BaseTableViewController.m */ = {isa = PBXFileReference; fileEncoding = 4; lastKnownFileType = sourcecode.c.objc; path = BaseTableViewController.m; sourceTree = "<group>"; };
		A919E9881EF262AD003C8C68 /* HZNavigationBar.h */ = {isa = PBXFileReference; fileEncoding = 4; lastKnownFileType = sourcecode.c.h; path = HZNavigationBar.h; sourceTree = "<group>"; };
		A919E9891EF262AD003C8C68 /* HZNavigationBar.m */ = {isa = PBXFileReference; fileEncoding = 4; lastKnownFileType = sourcecode.c.objc; path = HZNavigationBar.m; sourceTree = "<group>"; };
		A919E98B1EF262F1003C8C68 /* navigation_back_gray@2x.png */ = {isa = PBXFileReference; lastKnownFileType = image.png; path = "navigation_back_gray@2x.png"; sourceTree = "<group>"; };
		A919E98D1EF262FA003C8C68 /* navigation_back@2x.png */ = {isa = PBXFileReference; lastKnownFileType = image.png; path = "navigation_back@2x.png"; sourceTree = "<group>"; };
/* End PBXFileReference section */

/* Begin PBXFrameworksBuildPhase section */
		A919E94A1EF1397D003C8C68 /* Frameworks */ = {
			isa = PBXFrameworksBuildPhase;
			buildActionMask = 2147483647;
			files = (
			);
			runOnlyForDeploymentPostprocessing = 0;
		};
/* End PBXFrameworksBuildPhase section */

/* Begin PBXGroup section */
		A919E9441EF1397D003C8C68 = {
			isa = PBXGroup;
			children = (
				A919E96C1EF13D3D003C8C68 /* HZSlider */,
				A919E94F1EF1397D003C8C68 /* WeiboHomeDemo */,
				A919E94E1EF1397D003C8C68 /* Products */,
			);
			sourceTree = "<group>";
		};
		A919E94E1EF1397D003C8C68 /* Products */ = {
			isa = PBXGroup;
			children = (
				A919E94D1EF1397D003C8C68 /* WeiboHomeDemo.app */,
			);
			name = Products;
			sourceTree = "<group>";
		};
		A919E94F1EF1397D003C8C68 /* WeiboHomeDemo */ = {
			isa = PBXGroup;
			children = (
				A919E9531EF1397D003C8C68 /* AppDelegate.h */,
				A919E9541EF1397D003C8C68 /* AppDelegate.m */,
				A919E9561EF1397D003C8C68 /* ViewController.h */,
				A919E9571EF1397D003C8C68 /* ViewController.m */,
				A919E9591EF1397D003C8C68 /* Main.storyboard */,
				A919E95C1EF1397D003C8C68 /* Assets.xcassets */,
				A919E95E1EF1397D003C8C68 /* LaunchScreen.storyboard */,
				A919E9611EF1397D003C8C68 /* Info.plist */,
				A919E9501EF1397D003C8C68 /* Supporting Files */,
			);
			path = WeiboHomeDemo;
			sourceTree = "<group>";
		};
		A919E9501EF1397D003C8C68 /* Supporting Files */ = {
			isa = PBXGroup;
			children = (
				A919E9511EF1397D003C8C68 /* main.m */,
			);
			name = "Supporting Files";
			sourceTree = "<group>";
		};
		A919E96C1EF13D3D003C8C68 /* HZSlider */ = {
			isa = PBXGroup;
			children = (
				A919E9871EF262AD003C8C68 /* HZNavigationBarView */,
				A919E9731EF13DD0003C8C68 /* ChildVc */,
				A919E97E1EF14100003C8C68 /* FSSegmentTitleView.h */,
				A919E97F1EF14100003C8C68 /* FSSegmentTitleView.m */,
				A919E9811EF145F7003C8C68 /* ContentView.h */,
				A919E9821EF145F7003C8C68 /* ContentView.m */,
				A919E9701EF13D59003C8C68 /* HZSliderViewController.h */,
				A919E9711EF13D59003C8C68 /* HZSliderViewController.m */,
				A919E97D1EF13EF0003C8C68 /* Define.h */,
			);
			path = HZSlider;
			sourceTree = "<group>";
		};
		A919E9731EF13DD0003C8C68 /* ChildVc */ = {
			isa = PBXGroup;
			children = (
				A919E9841EF22090003C8C68 /* BaseTableViewController.h */,
				A919E9851EF22090003C8C68 /* BaseTableViewController.m */,
				A919E9741EF13DF0003C8C68 /* LeftTableViewController.h */,
				A919E9751EF13DF0003C8C68 /* LeftTableViewController.m */,
				A919E97A1EF13E01003C8C68 /* CenterTableViewController.h */,
				A919E97B1EF13E01003C8C68 /* CenterTableViewController.m */,
				A919E9771EF13DF9003C8C68 /* RightTableViewController.h */,
				A919E9781EF13DF9003C8C68 /* RightTableViewController.m */,
			);
			path = ChildVc;
			sourceTree = "<group>";
		};
		A919E9871EF262AD003C8C68 /* HZNavigationBarView */ = {
			isa = PBXGroup;
			children = (
				A919E98B1EF262F1003C8C68 /* navigation_back_gray@2x.png */,
				A919E98D1EF262FA003C8C68 /* navigation_back@2x.png */,
				A919E9881EF262AD003C8C68 /* HZNavigationBar.h */,
				A919E9891EF262AD003C8C68 /* HZNavigationBar.m */,
			);
			path = HZNavigationBarView;
			sourceTree = "<group>";
		};
/* End PBXGroup section */

/* Begin PBXNativeTarget section */
		A919E94C1EF1397D003C8C68 /* WeiboHomeDemo */ = {
			isa = PBXNativeTarget;
			buildConfigurationList = A919E9641EF1397D003C8C68 /* Build configuration list for PBXNativeTarget "WeiboHomeDemo" */;
			buildPhases = (
				A919E9491EF1397D003C8C68 /* Sources */,
				A919E94A1EF1397D003C8C68 /* Frameworks */,
				A919E94B1EF1397D003C8C68 /* Resources */,
			);
			buildRules = (
			);
			dependencies = (
			);
			name = WeiboHomeDemo;
			productName = WeiboHomeDemo;
			productReference = A919E94D1EF1397D003C8C68 /* WeiboHomeDemo.app */;
			productType = "com.apple.product-type.application";
		};
/* End PBXNativeTarget section */

/* Begin PBXProject section */
		A919E9451EF1397D003C8C68 /* Project object */ = {
			isa = PBXProject;
			attributes = {
				LastUpgradeCheck = 0830;
				ORGANIZATIONNAME = "郭凯";
				TargetAttributes = {
					A919E94C1EF1397D003C8C68 = {
						CreatedOnToolsVersion = 8.3.2;
						DevelopmentTeam = X8897R5EHR;
						ProvisioningStyle = Automatic;
					};
				};
			};
			buildConfigurationList = A919E9481EF1397D003C8C68 /* Build configuration list for PBXProject "WeiboHomeDemo" */;
			compatibilityVersion = "Xcode 3.2";
			developmentRegion = English;
			hasScannedForEncodings = 0;
			knownRegions = (
				en,
				Base,
			);
			mainGroup = A919E9441EF1397D003C8C68;
			productRefGroup = A919E94E1EF1397D003C8C68 /* Products */;
			projectDirPath = "";
			projectRoot = "";
			targets = (
				A919E94C1EF1397D003C8C68 /* WeiboHomeDemo */,
			);
		};
/* End PBXProject section */

/* Begin PBXResourcesBuildPhase section */
		A919E94B1EF1397D003C8C68 /* Resources */ = {
			isa = PBXResourcesBuildPhase;
			buildActionMask = 2147483647;
			files = (
				A919E9601EF1397D003C8C68 /* LaunchScreen.storyboard in Resources */,
				A919E98E1EF262FA003C8C68 /* navigation_back@2x.png in Resources */,
				A919E95D1EF1397D003C8C68 /* Assets.xcassets in Resources */,
				A919E98C1EF262F1003C8C68 /* navigation_back_gray@2x.png in Resources */,
				A919E95B1EF1397D003C8C68 /* Main.storyboard in Resources */,
			);
			runOnlyForDeploymentPostprocessing = 0;
		};
/* End PBXResourcesBuildPhase section */

/* Begin PBXSourcesBuildPhase section */
		A919E9491EF1397D003C8C68 /* Sources */ = {
			isa = PBXSourcesBuildPhase;
			buildActionMask = 2147483647;
			files = (
				A919E9801EF14100003C8C68 /* FSSegmentTitleView.m in Sources */,
				A919E9581EF1397D003C8C68 /* ViewController.m in Sources */,
				A919E9831EF145F7003C8C68 /* ContentView.m in Sources */,
				A919E98A1EF262AD003C8C68 /* HZNavigationBar.m in Sources */,
				A919E9761EF13DF0003C8C68 /* LeftTableViewController.m in Sources */,
				A919E9861EF22090003C8C68 /* BaseTableViewController.m in Sources */,
				A919E9791EF13DF9003C8C68 /* RightTableViewController.m in Sources */,
				A919E9551EF1397D003C8C68 /* AppDelegate.m in Sources */,
				A919E9521EF1397D003C8C68 /* main.m in Sources */,
				A919E97C1EF13E01003C8C68 /* CenterTableViewController.m in Sources */,
				A919E9721EF13D59003C8C68 /* HZSliderViewController.m in Sources */,
			);
			runOnlyForDeploymentPostprocessing = 0;
		};
/* End PBXSourcesBuildPhase section */

/* Begin PBXVariantGroup section */
		A919E9591EF1397D003C8C68 /* Main.storyboard */ = {
			isa = PBXVariantGroup;
			children = (
				A919E95A1EF1397D003C8C68 /* Base */,
			);
			name = Main.storyboard;
			sourceTree = "<group>";
		};
		A919E95E1EF1397D003C8C68 /* LaunchScreen.storyboard */ = {
			isa = PBXVariantGroup;
			children = (
				A919E95F1EF1397D003C8C68 /* Base */,
			);
			name = LaunchScreen.storyboard;
			sourceTree = "<group>";
		};
/* End PBXVariantGroup section */

/* Begin XCBuildConfiguration section */
		A919E9621EF1397D003C8C68 /* Debug */ = {
			isa = XCBuildConfiguration;
			buildSettings = {
				ALWAYS_SEARCH_USER_PATHS = NO;
				CLANG_ANALYZER_NONNULL = YES;
				CLANG_ANALYZER_NUMBER_OBJECT_CONVERSION = YES_AGGRESSIVE;
				CLANG_CXX_LANGUAGE_STANDARD = "gnu++0x";
				CLANG_CXX_LIBRARY = "libc++";
				CLANG_ENABLE_MODULES = YES;
				CLANG_ENABLE_OBJC_ARC = YES;
				CLANG_WARN_BOOL_CONVERSION = YES;
				CLANG_WARN_CONSTANT_CONVERSION = YES;
				CLANG_WARN_DIRECT_OBJC_ISA_USAGE = YES_ERROR;
				CLANG_WARN_DOCUMENTATION_COMMENTS = YES;
				CLANG_WARN_EMPTY_BODY = YES;
				CLANG_WARN_ENUM_CONVERSION = YES;
				CLANG_WARN_INFINITE_RECURSION = YES;
				CLANG_WARN_INT_CONVERSION = YES;
				CLANG_WARN_OBJC_ROOT_CLASS = YES_ERROR;
				CLANG_WARN_SUSPICIOUS_MOVE = YES;
				CLANG_WARN_UNREACHABLE_CODE = YES;
				CLANG_WARN__DUPLICATE_METHOD_MATCH = YES;
				"CODE_SIGN_IDENTITY[sdk=iphoneos*]" = "iPhone Developer";
				COPY_PHASE_STRIP = NO;
				DEBUG_INFORMATION_FORMAT = dwarf;
				ENABLE_STRICT_OBJC_MSGSEND = YES;
				ENABLE_TESTABILITY = YES;
				GCC_C_LANGUAGE_STANDARD = gnu99;
				GCC_DYNAMIC_NO_PIC = NO;
				GCC_NO_COMMON_BLOCKS = YES;
				GCC_OPTIMIZATION_LEVEL = 0;
				GCC_PREPROCESSOR_DEFINITIONS = (
					"DEBUG=1",
					"$(inherited)",
				);
				GCC_WARN_64_TO_32_BIT_CONVERSION = YES;
				GCC_WARN_ABOUT_RETURN_TYPE = YES_ERROR;
				GCC_WARN_UNDECLARED_SELECTOR = YES;
				GCC_WARN_UNINITIALIZED_AUTOS = YES_AGGRESSIVE;
				GCC_WARN_UNUSED_FUNCTION = YES;
				GCC_WARN_UNUSED_VARIABLE = YES;
				IPHONEOS_DEPLOYMENT_TARGET = 10.3;
				MTL_ENABLE_DEBUG_INFO = YES;
				ONLY_ACTIVE_ARCH = YES;
				SDKROOT = iphoneos;
				TARGETED_DEVICE_FAMILY = "1,2";
			};
			name = Debug;
		};
		A919E9631EF1397D003C8C68 /* Release */ = {
			isa = XCBuildConfiguration;
			buildSettings = {
				ALWAYS_SEARCH_USER_PATHS = NO;
				CLANG_ANALYZER_NONNULL = YES;
				CLANG_ANALYZER_NUMBER_OBJECT_CONVERSION = YES_AGGRESSIVE;
				CLANG_CXX_LANGUAGE_STANDARD = "gnu++0x";
				CLANG_CXX_LIBRARY = "libc++";
				CLANG_ENABLE_MODULES = YES;
				CLANG_ENABLE_OBJC_ARC = YES;
				CLANG_WARN_BOOL_CONVERSION = YES;
				CLANG_WARN_CONSTANT_CONVERSION = YES;
				CLANG_WARN_DIRECT_OBJC_ISA_USAGE = YES_ERROR;
				CLANG_WARN_DOCUMENTATION_COMMENTS = YES;
				CLANG_WARN_EMPTY_BODY = YES;
				CLANG_WARN_ENUM_CONVERSION = YES;
				CLANG_WARN_INFINITE_RECURSION = YES;
				CLANG_WARN_INT_CONVERSION = YES;
				CLANG_WARN_OBJC_ROOT_CLASS = YES_ERROR;
				CLANG_WARN_SUSPICIOUS_MOVE = YES;
				CLANG_WARN_UNREACHABLE_CODE = YES;
				CLANG_WARN__DUPLICATE_METHOD_MATCH = YES;
				"CODE_SIGN_IDENTITY[sdk=iphoneos*]" = "iPhone Developer";
				COPY_PHASE_STRIP = NO;
				DEBUG_INFORMATION_FORMAT = "dwarf-with-dsym";
				ENABLE_NS_ASSERTIONS = NO;
				ENABLE_STRICT_OBJC_MSGSEND = YES;
				GCC_C_LANGUAGE_STANDARD = gnu99;
				GCC_NO_COMMON_BLOCKS = YES;
				GCC_WARN_64_TO_32_BIT_CONVERSION = YES;
				GCC_WARN_ABOUT_RETURN_TYPE = YES_ERROR;
				GCC_WARN_UNDECLARED_SELECTOR = YES;
				GCC_WARN_UNINITIALIZED_AUTOS = YES_AGGRESSIVE;
				GCC_WARN_UNUSED_FUNCTION = YES;
				GCC_WARN_UNUSED_VARIABLE = YES;
				IPHONEOS_DEPLOYMENT_TARGET = 10.3;
				MTL_ENABLE_DEBUG_INFO = NO;
				SDKROOT = iphoneos;
				TARGETED_DEVICE_FAMILY = "1,2";
				VALIDATE_PRODUCT = YES;
			};
			name = Release;
		};
		A919E9651EF1397D003C8C68 /* Debug */ = {
			isa = XCBuildConfiguration;
			buildSettings = {
				ASSETCATALOG_COMPILER_APPICON_NAME = AppIcon;
				DEVELOPMENT_TEAM = X8897R5EHR;
				INFOPLIST_FILE = WeiboHomeDemo/Info.plist;
				LD_RUNPATH_SEARCH_PATHS = "$(inherited) @executable_path/Frameworks";
				PRODUCT_BUNDLE_IDENTIFIER = ihaozhuo.WeiboHomeDemo;
				PRODUCT_NAME = "$(TARGET_NAME)";
			};
			name = Debug;
		};
		A919E9661EF1397D003C8C68 /* Release */ = {
			isa = XCBuildConfiguration;
			buildSettings = {
				ASSETCATALOG_COMPILER_APPICON_NAME = AppIcon;
				DEVELOPMENT_TEAM = X8897R5EHR;
				INFOPLIST_FILE = WeiboHomeDemo/Info.plist;
				LD_RUNPATH_SEARCH_PATHS = "$(inherited) @executable_path/Frameworks";
				PRODUCT_BUNDLE_IDENTIFIER = ihaozhuo.WeiboHomeDemo;
				PRODUCT_NAME = "$(TARGET_NAME)";
			};
			name = Release;
		};
/* End XCBuildConfiguration section */

/* Begin XCConfigurationList section */
		A919E9481EF1397D003C8C68 /* Build configuration list for PBXProject "WeiboHomeDemo" */ = {
			isa = XCConfigurationList;
			buildConfigurations = (
				A919E9621EF1397D003C8C68 /* Debug */,
				A919E9631EF1397D003C8C68 /* Release */,
			);
			defaultConfigurationIsVisible = 0;
			defaultConfigurationName = Release;
		};
		A919E9641EF1397D003C8C68 /* Build configuration list for PBXNativeTarget "WeiboHomeDemo" */ = {
			isa = XCConfigurationList;
			buildConfigurations = (
				A919E9651EF1397D003C8C68 /* Debug */,
				A919E9661EF1397D003C8C68 /* Release */,
			);
			defaultConfigurationIsVisible = 0;
		};
/* End XCConfigurationList section */
	};
	rootObject = A919E9451EF1397D003C8C68 /* Project object */;
}
